
Microsoft Visual Studio Solution File, Format Version 12.00
# Visual Studio 2013
VisualStudioVersion = 12.0.31101.0
MinimumVisualStudioVersion = 10.0.40219.1
Project("{FAE04EC0-301F-11D3-BF4B-00C04F79EFBC}") = "WindowsFormsApplication1", "WindowsFormsApplication1\WindowsFormsApplication1.csproj", "{7107418F-3BAA-4021-80BD-6AAB8FD4E16C}"
EndProject
Project("{2150E333-8FDC-42A3-9474-1A3956D46DE8}") = ".nuget", ".nuget", "{4F35AF21-42FD-424A-AF66-58A9AA71985F}"
	ProjectSection(SolutionItems) = preProject
		.nuget\NuGet.Config = .nuget\NuGet.Config
		.nuget\NuGet.exe = .nuget\NuGet.exe
		.nuget\NuGet.targets = .nuget\NuGet.targets
	EndProjectSection
EndProject
Global
	GlobalSection(SolutionConfigurationPlatforms) = preSolution
		Debug|Any CPU = Debug|Any CPU
		Release|Any CPU = Release|Any CPU
	EndGlobalSection
	GlobalSection(ProjectConfigurationPlatforms) = postSolution
		{7107418F-3BAA-4021-80BD-6AAB8FD4E16C}.Debug|Any CPU.ActiveCfg = Debug|Any CPU
		{7107418F-3BAA-4021-80BD-6AAB8FD4E16C}.Debug|Any CPU.Build.0 = Debug|Any CPU
		{7107418F-3BAA-4021-80BD-6AAB8FD4E16C}.Release|Any CPU.ActiveCfg = Release|Any CPU
		{7107418F-3BAA-4021-80BD-6AAB8FD4E16C}.Release|Any CPU.Build.0 = Release|Any CPU
	EndGlobalSection
	GlobalSection(SolutionProperties) = preSolution
		HideSolutionNode = FALSE
	EndGlobalSection
EndGlobal
