
Microsoft Visual Studio Solution File, Format Version 12.00
# Visual Studio 2013
VisualStudioVersion = 12.0.31101.0
MinimumVisualStudioVersion = 10.0.40219.1
Project("{FAE04EC0-301F-11D3-BF4B-00C04F79EFBC}") = "SchoolApplication.DataAccess", "SchoolApplication.DataAccess\SchoolApplication.DataAccess.csproj", "{D0CF0441-1A5F-4837-A9ED-AFF67D0F97E4}"
EndProject
Project("{FAE04EC0-301F-11D3-BF4B-00C04F79EFBC}") = "SchoolApplication.Model", "SchoolApplication.Model\SchoolApplication.Model.csproj", "{0F24E9B9-C4A0-43D9-A4BA-37D47B0CDB07}"
EndProject
Project("{FAE04EC0-301F-11D3-BF4B-00C04F79EFBC}") = "SchoolApplication.ConsoleClient", "SchoolApplication.ConsoleClient\SchoolApplication.ConsoleClient.csproj", "{349839E7-0923-472E-8B9A-16682416A8F7}"
EndProject
Project("{2150E333-8FDC-42A3-9474-1A3956D46DE8}") = ".nuget", ".nuget", "{5F12C16C-A2CA-4CDE-A9C5-057583008935}"
	ProjectSection(SolutionItems) = preProject
		.nuget\NuGet.Config = .nuget\NuGet.Config
		.nuget\NuGet.exe = .nuget\NuGet.exe
		.nuget\NuGet.targets = .nuget\NuGet.targets
	EndProjectSection
EndProject
Global
	GlobalSection(SolutionConfigurationPlatforms) = preSolution
		Debug|Any CPU = Debug|Any CPU
		Release|Any CPU = Release|Any CPU
	EndGlobalSection
	GlobalSection(ProjectConfigurationPlatforms) = postSolution
		{D0CF0441-1A5F-4837-A9ED-AFF67D0F97E4}.Debug|Any CPU.ActiveCfg = Debug|Any CPU
		{D0CF0441-1A5F-4837-A9ED-AFF67D0F97E4}.Debug|Any CPU.Build.0 = Debug|Any CPU
		{D0CF0441-1A5F-4837-A9ED-AFF67D0F97E4}.Release|Any CPU.ActiveCfg = Release|Any CPU
		{D0CF0441-1A5F-4837-A9ED-AFF67D0F97E4}.Release|Any CPU.Build.0 = Release|Any CPU
		{0F24E9B9-C4A0-43D9-A4BA-37D47B0CDB07}.Debug|Any CPU.ActiveCfg = Debug|Any CPU
		{0F24E9B9-C4A0-43D9-A4BA-37D47B0CDB07}.Debug|Any CPU.Build.0 = Debug|Any CPU
		{0F24E9B9-C4A0-43D9-A4BA-37D47B0CDB07}.Release|Any CPU.ActiveCfg = Release|Any CPU
		{0F24E9B9-C4A0-43D9-A4BA-37D47B0CDB07}.Release|Any CPU.Build.0 = Release|Any CPU
		{349839E7-0923-472E-8B9A-16682416A8F7}.Debug|Any CPU.ActiveCfg = Debug|Any CPU
		{349839E7-0923-472E-8B9A-16682416A8F7}.Debug|Any CPU.Build.0 = Debug|Any CPU
		{349839E7-0923-472E-8B9A-16682416A8F7}.Release|Any CPU.ActiveCfg = Release|Any CPU
		{349839E7-0923-472E-8B9A-16682416A8F7}.Release|Any CPU.Build.0 = Release|Any CPU
	EndGlobalSection
	GlobalSection(SolutionProperties) = preSolution
		HideSolutionNode = FALSE
	EndGlobalSection
EndGlobal
